# THIS IS AN AUTOGENERATED FILE. DO NOT EDIT THIS FILE DIRECTLY.
# yarn lockfile v1


chrome-types@^0.1.211:
  version "0.1.211"
  resolved "https://registry.yarnpkg.com/chrome-types/-/chrome-types-0.1.211.tgz#849c7efe59fc8e2e0b72ee68471051ee935c4dbb"
  integrity sha512-CxPthJqtEk7s/hI7SOXaJJaR4ywGepR5QI6D7oC8bDyzwqZ+4FHbQNC1KUWoQYXHhwqHvg7w1g71jvexw3wqJQ==
